{
  "object": {
    "pins": [
      {
        "package": "Alamofire",
        "repositoryURL": "https://gitee.com/4674069/Alamofire.git",
        "state": {
          "branch": null,
          "revision": "eaf6e622dd41b07b251d8f01752eab31bc811493",
          "version": "5.4.1"
        }
      },
      {
        "package": "Eureka",
        "repositoryURL": "https://gitee.com/4674069/Eureka.git",
        "state": {
          "branch": null,
          "revision": "81f3ea3d69dc99f8684b8bce1224908e101c679f",
          "version": "5.3.2"
        }
      },
      {
        "package": "MBProgressHUD",
        "repositoryURL": "https://gitee.com/4674069/MBProgressHUD.git",
        "state": {
          "branch": null,
          "revision": "bca42b801100b2b3a4eda0ba8dd33d858c780b0d",
          "version": "1.2.0"
        }
      },
      {
        "package": "Moya",
        "repositoryURL": "https://gitee.com/4674069/Moya.git",
        "state": {
          "branch": "YZY",
          "revision": "e04f63e53931f2c3e957ed05daee2573119ff72a",
          "version": null
        }
      },
      {
        "package": "ObjectMapper",
        "repositoryURL": "https://gitee.com/4674069/ObjectMapper.git",
        "state": {
          "branch": null,
          "revision": "0b96a734de3ea1c87374ae677064f86adb0716ec",
          "version": "4.2.0"
        }
      },
      {
        "package": "ReactiveSwift",
        "repositoryURL": "https://gitee.com/4674069/ReactiveSwift.git",
        "state": {
          "branch": null,
          "revision": "f195d82bb30e412e70446e2b4a77e1b514099e88",
          "version": "6.1.0"
        }
      },
      {
        "package": "RxSwift",
        "repositoryURL": "https://gitee.com/4674069/RxSwift.git",
        "state": {
          "branch": null,
          "revision": "002d325b0bdee94e7882e1114af5ff4fe1e96afa",
          "version": "5.1.1"
        }
      }
    ]
  },
  "version": 1
}
